{
  "name": "backend",
  "lockfileVersion": 3,
  "requires": true,
  "packages": {
    "": {
      "dependencies": {
        "algokit": "^0.0.1"
      }
    },
    "node_modules/algokit": {
      "version": "0.0.1",
      "resolved": "https://registry.npmjs.org/algokit/-/algokit-0.0.1.tgz",
      "integrity": "sha512-I6A3K3NSvA7BTcCgtHPnOXo4QQBXNf4Wt+gnwYhO+8D8AwbEP6Cf4FwqjTrB/a6rQXWzahzZ8vc0cyAN7m92HQ=="
    }
  }
}
